
Microsoft Visual Studio Solution File, Format Version 12.00
# Visual Studio Version 16
VisualStudioVersion = 16.0.31605.320
MinimumVisualStudioVersion = 10.0.40219.1
Project("{FAE04EC0-301F-11D3-BF4B-00C04F79EFBC}") = "AspNetCoreDI", "AspNetCoreDI\AspNetCoreDI.csproj", "{3ABD0C29-590D-4A10-BE46-A0340AAF846F}"
EndProject
Global
	GlobalSection(SolutionConfigurationPlatforms) = preSolution
		Debug|Any CPU = Debug|Any CPU
		Release|Any CPU = Release|Any CPU
	EndGlobalSection
	GlobalSection(ProjectConfigurationPlatforms) = postSolution
		{3ABD0C29-590D-4A10-BE46-A0340AAF846F}.Debug|Any CPU.ActiveCfg = Debug|Any CPU
		{3ABD0C29-590D-4A10-BE46-A0340AAF846F}.Debug|Any CPU.Build.0 = Debug|Any CPU
		{3ABD0C29-590D-4A10-BE46-A0340AAF846F}.Release|Any CPU.ActiveCfg = Release|Any CPU
		{3ABD0C29-590D-4A10-BE46-A0340AAF846F}.Release|Any CPU.Build.0 = Release|Any CPU
	EndGlobalSection
	GlobalSection(SolutionProperties) = preSolution
		HideSolutionNode = FALSE
	EndGlobalSection
	GlobalSection(ExtensibilityGlobals) = postSolution
		SolutionGuid = {F986904B-BAA7-48F3-8964-413C8939F76C}
	EndGlobalSection
EndGlobal
